{
    "name": "StreamHttpEvent",
    "version": "1.0.0",
    "lockfileVersion": 3,
    "requires": true,
    "packages": {
        "": {
            "name": "StreamHttpEvent",
            "version": "1.0.0",
            "license": "ISC",
            "dependencies": {
                "@felipe-lib/schema-local": "^1.7.0"
            }
        },
        "node_modules/@felipe-lib/schema-local": {
            "version": "1.7.0",
            "resolved": "https://registry.npmjs.org/@felipe-lib/schema-local/-/schema-local-1.7.0.tgz",
            "integrity": "sha512-X2NsDoFpyJXIZN51rU0k6vphZxp5JrS40858V5KRMkgOuy4m/oUwC5mj4Jy/Ev87VqJQh/syBOmP6ReMTgCEtQ==",
            "license": "MIT",
            "engines": {
                "node": ">=18.0.0"
            }
        }
    }
}
