{
    "name": "@felipe-lib/stream-http-event",
    "version": "1.2.5",
    "lockfileVersion": 3,
    "requires": true,
    "packages": {
        "": {
            "name": "@felipe-lib/stream-http-event",
            "version": "1.2.5",
            "license": "ISC",
            "dependencies": {
                "@felipe-lib/schema-local": "^1.7.0"
            },
            "devDependencies": {
                "typescript": "^6.0.3"
            }
        },
        "node_modules/@felipe-lib/schema-local": {
            "version": "1.7.0",
            "resolved": "https://registry.npmjs.org/@felipe-lib/schema-local/-/schema-local-1.7.0.tgz",
            "integrity": "sha512-X2NsDoFpyJXIZN51rU0k6vphZxp5JrS40858V5KRMkgOuy4m/oUwC5mj4Jy/Ev87VqJQh/syBOmP6ReMTgCEtQ==",
            "license": "MIT",
            "engines": {
                "node": ">=18.0.0"
            }
        },
        "node_modules/typescript": {
            "version": "6.0.3",
            "resolved": "https://registry.npmjs.org/typescript/-/typescript-6.0.3.tgz",
            "integrity": "sha512-y2TvuxSZPDyQakkFRPZHKFm+KKVqIisdg9/CZwm9ftvKXLP8NRWj38/ODjNbr43SsoXqNuAisEf1GdCxqWcdBw==",
            "dev": true,
            "license": "Apache-2.0",
            "bin": {
                "tsc": "bin/tsc",
                "tsserver": "bin/tsserver"
            },
            "engines": {
                "node": ">=14.17"
            }
        }
    }
}
